
Microsoft Visual Studio Solution File, Format Version 12.00
# Visual Studio Version 16
VisualStudioVersion = 16.0.29025.244
MinimumVisualStudioVersion = 10.0.40219.1
Project("{FAE04EC0-301F-11D3-BF4B-00C04F79EFBC}") = "practiceChallengeData", "practiceChallengeData.csproj", "{2F3D5A5A-B350-4E42-BCB3-67C276A880B8}"
EndProject
Global
	GlobalSection(SolutionConfigurationPlatforms) = preSolution
		Debug|Any CPU = Debug|Any CPU
		Release|Any CPU = Release|Any CPU
	EndGlobalSection
	GlobalSection(ProjectConfigurationPlatforms) = postSolution
		{2F3D5A5A-B350-4E42-BCB3-67C276A880B8}.Debug|Any CPU.ActiveCfg = Debug|Any CPU
		{2F3D5A5A-B350-4E42-BCB3-67C276A880B8}.Debug|Any CPU.Build.0 = Debug|Any CPU
		{2F3D5A5A-B350-4E42-BCB3-67C276A880B8}.Release|Any CPU.ActiveCfg = Release|Any CPU
		{2F3D5A5A-B350-4E42-BCB3-67C276A880B8}.Release|Any CPU.Build.0 = Release|Any CPU
	EndGlobalSection
	GlobalSection(SolutionProperties) = preSolution
		HideSolutionNode = FALSE
	EndGlobalSection
	GlobalSection(ExtensibilityGlobals) = postSolution
		SolutionGuid = {96DA4069-97B0-4026-82B6-BCCA48452E1A}
	EndGlobalSection
EndGlobal
